{
  "lockfileVersion": 1,
  "workspaces": {
    "": {
      "name": "leet",
      "devDependencies": {
        "@types/bun": "latest",
      },
      "peerDependencies": {
        "typescript": "^5",
      },
    },
  },
  "packages": {
    "@types/bun": ["@types/bun@1.2.6", "https://pkgs.dev.azure.com/DNVGL-MARITIME/_packaging/NPS/npm/registry/@types/bun/-/bun-1.2.6.tgz", { "dependencies": { "bun-types": "1.2.6" } }, "sha1-z/Wkr9fJjVoobepDhszpYeNVL9w="],

    "@types/node": ["@types/node@22.13.13", "https://pkgs.dev.azure.com/DNVGL-MARITIME/_packaging/NPS/npm/registry/@types/node/-/node-22.13.13.tgz", { "dependencies": { "undici-types": "~6.20.0" } }, "sha1-Xn0RD7UJsNSkP79I+p1uD4Phsec="],

    "@types/ws": ["@types/ws@8.5.14", "https://pkgs.dev.azure.com/DNVGL-MARITIME/_packaging/NPS/npm/registry/@types/ws/-/ws-8.5.14.tgz", { "dependencies": { "@types/node": "*" } }, "sha1-k9RLJoyRJ9lgJs9ENTcl3ZtsPCE="],

    "bun-types": ["bun-types@1.2.6", "https://pkgs.dev.azure.com/DNVGL-MARITIME/_packaging/NPS/npm/registry/bun-types/-/bun-types-1.2.6.tgz", { "dependencies": { "@types/node": "*", "@types/ws": "~8.5.10" } }, "sha1-bon6kAm8hatgyiBjg7fJRoJg/KY="],

    "typescript": ["typescript@5.8.2", "https://pkgs.dev.azure.com/DNVGL-MARITIME/_packaging/NPS/npm/registry/typescript/-/typescript-5.8.2.tgz", { "bin": { "tsc": "./bin/tsc", "tsserver": "./bin/tsserver" } }, "sha1-gXCzcC90t52y5aliB8FeZYB5meQ="],

    "undici-types": ["undici-types@6.20.0", "https://pkgs.dev.azure.com/DNVGL-MARITIME/_packaging/NPS/npm/registry/undici-types/-/undici-types-6.20.0.tgz", {}, "sha1-gXG/IsH1iNFVTVW/IEvGJK84hDM="],
  }
}
